<?xml version="1.0" encoding="UTF-8"?>
<!DOCTYPE plist PUBLIC "-//Apple//DTD PLIST 1.0//EN" "http://www.apple.com/DTDs/PropertyList-1.0.dtd">
<plist version="1.0">
<dict>
	<key>archiveVersion</key>
	<string>1</string>
	<key>classes</key>
	<dict/>
	<key>objectVersion</key>
	<string>46</string>
	<key>objects</key>
	<dict>
		<key>3C8613681CB567B40000585B</key>
		<dict>
			<key>children</key>
			<array>
				<string>3C86139A1CB5844F0000585B</string>
				<string>3C8613731CB567B40000585B</string>
				<string>3C8613881CB567B40000585B</string>
				<string>3C8613721CB567B40000585B</string>
			</array>
			<key>isa</key>
			<string>PBXGroup</string>
			<key>sourceTree</key>
			<string>&lt;group&gt;</string>
		</dict>
		<key>3C8613691CB567B40000585B</key>
		<dict>
			<key>attributes</key>
			<dict>
				<key>LastSwiftUpdateCheck</key>
				<string>0730</string>
				<key>LastUpgradeCheck</key>
				<string>0730</string>
				<key>ORGANIZATIONNAME</key>
				<string>Raizlabs</string>
				<key>TargetAttributes</key>
				<dict>
					<key>3C8613701CB567B40000585B</key>
					<dict>
						<key>CreatedOnToolsVersion</key>
						<string>7.3</string>
					</dict>
					<key>3C8613841CB567B40000585B</key>
					<dict>
						<key>CreatedOnToolsVersion</key>
						<string>7.3</string>
						<key>TestTargetID</key>
						<string>3C8613701CB567B40000585B</string>
					</dict>
				</dict>
			</dict>
			<key>buildConfigurationList</key>
			<string>3C86136C1CB567B40000585B</string>
			<key>compatibilityVersion</key>
			<string>Xcode 3.2</string>
			<key>developmentRegion</key>
			<string>English</string>
			<key>hasScannedForEncodings</key>
			<string>0</string>
			<key>isa</key>
			<string>PBXProject</string>
			<key>knownRegions</key>
			<array>
				<string>en</string>
				<string>Base</string>
			</array>
			<key>mainGroup</key>
			<string>3C8613681CB567B40000585B</string>
			<key>productRefGroup</key>
			<string>3C8613721CB567B40000585B</string>
			<key>projectDirPath</key>
			<string></string>
			<key>projectReferences</key>
			<array/>
			<key>projectRoot</key>
			<string></string>
			<key>targets</key>
			<array>
				<string>3C8613701CB567B40000585B</string>
				<string>3C8613841CB567B40000585B</string>
			</array>
		</dict>
		<key>3C86136C1CB567B40000585B</key>
		<dict>
			<key>buildConfigurations</key>
			<array>
				<string>3C86138C1CB567B40000585B</string>
				<string>3C86138D1CB567B40000585B</string>
			</array>
			<key>defaultConfigurationIsVisible</key>
			<string>0</string>
			<key>defaultConfigurationName</key>
			<string>Release</string>
			<key>isa</key>
			<string>XCConfigurationList</string>
		</dict>
		<key>3C86136D1CB567B40000585B</key>
		<dict>
			<key>buildActionMask</key>
			<string>2147483647</string>
			<key>files</key>
			<array>
				<string>3C997F991CC17FBC006ECBC7</string>
				<string>3C8613771CB567B40000585B</string>
				<string>3C86139F1CB5F3790000585B</string>
				<string>3C8613751CB567B40000585B</string>
				<string>3C997F891CBFE8D8006ECBC7</string>
				<string>3C8613951CB5680F0000585B</string>
				<string>3C997FA21CC18165006ECBC7</string>
				<string>3C997FA01CC180F8006ECBC7</string>
				<string>3C997F8E1CBFF9C1006ECBC7</string>
				<string>3C997F841CBF3D0B006ECBC7</string>
				<string>3C997FA41CC181BC006ECBC7</string>
				<string>3C997F8B1CBFE92A006ECBC7</string>
				<string>3C997F9E1CC18042006ECBC7</string>
				<string>3C997F9C1CC18013006ECBC7</string>
				<string>3C8613A31CB5F4640000585B</string>
				<string>3C997F871CBFE8B0006ECBC7</string>
				<string>3C997F911CBFFED3006ECBC7</string>
			</array>
			<key>isa</key>
			<string>PBXSourcesBuildPhase</string>
			<key>runOnlyForDeploymentPostprocessing</key>
			<string>0</string>
		</dict>
		<key>3C86136E1CB567B40000585B</key>
		<dict>
			<key>buildActionMask</key>
			<string>2147483647</string>
			<key>files</key>
			<array>
				<string>3C8613971CB5843D0000585B</string>
			</array>
			<key>isa</key>
			<string>PBXFrameworksBuildPhase</string>
			<key>runOnlyForDeploymentPostprocessing</key>
			<string>0</string>
		</dict>
		<key>3C86136F1CB567B40000585B</key>
		<dict>
			<key>buildActionMask</key>
			<string>2147483647</string>
			<key>files</key>
			<array>
				<string>3C86137F1CB567B40000585B</string>
				<string>3C86137C1CB567B40000585B</string>
			</array>
			<key>isa</key>
			<string>PBXResourcesBuildPhase</string>
			<key>runOnlyForDeploymentPostprocessing</key>
			<string>0</string>
		</dict>
		<key>3C8613701CB567B40000585B</key>
		<dict>
			<key>buildConfigurationList</key>
			<string>3C86138E1CB567B40000585B</string>
			<key>buildPhases</key>
			<array>
				<string>3C86136D1CB567B40000585B</string>
				<string>3C86136E1CB567B40000585B</string>
				<string>3C86136F1CB567B40000585B</string>
				<string>3C8613991CB5843E0000585B</string>
			</array>
			<key>buildRules</key>
			<array/>
			<key>dependencies</key>
			<array/>
			<key>isa</key>
			<string>PBXNativeTarget</string>
			<key>name</key>
			<string>Netcode</string>
			<key>productName</key>
			<string>Netcode</string>
			<key>productReference</key>
			<string>3C8613711CB567B40000585B</string>
			<key>productType</key>
			<string>com.apple.product-type.application</string>
		</dict>
		<key>3C8613711CB567B40000585B</key>
		<dict>
			<key>explicitFileType</key>
			<string>wrapper.application</string>
			<key>includeInIndex</key>
			<string>0</string>
			<key>isa</key>
			<string>PBXFileReference</string>
			<key>path</key>
			<string>Netcode.app</string>
			<key>sourceTree</key>
			<string>BUILT_PRODUCTS_DIR</string>
		</dict>
		<key>3C8613721CB567B40000585B</key>
		<dict>
			<key>children</key>
			<array>
				<string>3C8613711CB567B40000585B</string>
				<string>3C8613851CB567B40000585B</string>
			</array>
			<key>isa</key>
			<string>PBXGroup</string>
			<key>name</key>
			<string>Products</string>
			<key>sourceTree</key>
			<string>&lt;group&gt;</string>
		</dict>
		<key>3C8613731CB567B40000585B</key>
		<dict>
			<key>children</key>
			<array>
				<string>3C997F931CC17F3E006ECBC7</string>
				<string>3C997F921CC03506006ECBC7</string>
				<string>3C997F851CBFE885006ECBC7</string>
				<string>3C997F9A1CC17FFD006ECBC7</string>
				<string>3C997F941CC17F49006ECBC7</string>
				<string>3C997F961CC17F84006ECBC7</string>
				<string>3C997F951CC17F64006ECBC7</string>
				<string>3C997F971CC17F98006ECBC7</string>
			</array>
			<key>isa</key>
			<string>PBXGroup</string>
			<key>path</key>
			<string>Netcode</string>
			<key>sourceTree</key>
			<string>&lt;group&gt;</string>
		</dict>
		<key>3C8613741CB567B40000585B</key>
		<dict>
			<key>isa</key>
			<string>PBXFileReference</string>
			<key>lastKnownFileType</key>
			<string>sourcecode.swift</string>
			<key>path</key>
			<string>AppDelegate.swift</string>
			<key>sourceTree</key>
			<string>&lt;group&gt;</string>
		</dict>
		<key>3C8613751CB567B40000585B</key>
		<dict>
			<key>fileRef</key>
			<string>3C8613741CB567B40000585B</string>
			<key>isa</key>
			<string>PBXBuildFile</string>
		</dict>
		<key>3C8613761CB567B40000585B</key>
		<dict>
			<key>isa</key>
			<string>PBXFileReference</string>
			<key>lastKnownFileType</key>
			<string>sourcecode.swift</string>
			<key>path</key>
			<string>ViewController.swift</string>
			<key>sourceTree</key>
			<string>&lt;group&gt;</string>
		</dict>
		<key>3C8613771CB567B40000585B</key>
		<dict>
			<key>fileRef</key>
			<string>3C8613761CB567B40000585B</string>
			<key>isa</key>
			<string>PBXBuildFile</string>
		</dict>
		<key>3C86137B1CB567B40000585B</key>
		<dict>
			<key>isa</key>
			<string>PBXFileReference</string>
			<key>lastKnownFileType</key>
			<string>folder.assetcatalog</string>
			<key>path</key>
			<string>Assets.xcassets</string>
			<key>sourceTree</key>
			<string>&lt;group&gt;</string>
		</dict>
		<key>3C86137C1CB567B40000585B</key>
		<dict>
			<key>fileRef</key>
			<string>3C86137B1CB567B40000585B</string>
			<key>isa</key>
			<string>PBXBuildFile</string>
		</dict>
		<key>3C86137D1CB567B40000585B</key>
		<dict>
			<key>children</key>
			<array>
				<string>3C86137E1CB567B40000585B</string>
			</array>
			<key>isa</key>
			<string>PBXVariantGroup</string>
			<key>name</key>
			<string>LaunchScreen.storyboard</string>
			<key>path</key>
			<string>.</string>
			<key>sourceTree</key>
			<string>&lt;group&gt;</string>
		</dict>
		<key>3C86137E1CB567B40000585B</key>
		<dict>
			<key>isa</key>
			<string>PBXFileReference</string>
			<key>lastKnownFileType</key>
			<string>file.storyboard</string>
			<key>name</key>
			<string>Base</string>
			<key>path</key>
			<string>Base.lproj/LaunchScreen.storyboard</string>
			<key>sourceTree</key>
			<string>&lt;group&gt;</string>
		</dict>
		<key>3C86137F1CB567B40000585B</key>
		<dict>
			<key>fileRef</key>
			<string>3C86137D1CB567B40000585B</string>
			<key>isa</key>
			<string>PBXBuildFile</string>
		</dict>
		<key>3C8613801CB567B40000585B</key>
		<dict>
			<key>isa</key>
			<string>PBXFileReference</string>
			<key>lastKnownFileType</key>
			<string>text.plist.xml</string>
			<key>path</key>
			<string>Info.plist</string>
			<key>sourceTree</key>
			<string>&lt;group&gt;</string>
		</dict>
		<key>3C8613811CB567B40000585B</key>
		<dict>
			<key>buildActionMask</key>
			<string>2147483647</string>
			<key>files</key>
			<array>
				<string>3C86138A1CB567B40000585B</string>
			</array>
			<key>isa</key>
			<string>PBXSourcesBuildPhase</string>
			<key>runOnlyForDeploymentPostprocessing</key>
			<string>0</string>
		</dict>
		<key>3C8613821CB567B40000585B</key>
		<dict>
			<key>buildActionMask</key>
			<string>2147483647</string>
			<key>files</key>
			<array/>
			<key>isa</key>
			<string>PBXFrameworksBuildPhase</string>
			<key>runOnlyForDeploymentPostprocessing</key>
			<string>0</string>
		</dict>
		<key>3C8613831CB567B40000585B</key>
		<dict>
			<key>buildActionMask</key>
			<string>2147483647</string>
			<key>files</key>
			<array/>
			<key>isa</key>
			<string>PBXResourcesBuildPhase</string>
			<key>runOnlyForDeploymentPostprocessing</key>
			<string>0</string>
		</dict>
		<key>3C8613841CB567B40000585B</key>
		<dict>
			<key>buildConfigurationList</key>
			<string>3C8613911CB567B40000585B</string>
			<key>buildPhases</key>
			<array>
				<string>3C8613811CB567B40000585B</string>
				<string>3C8613821CB567B40000585B</string>
				<string>3C8613831CB567B40000585B</string>
			</array>
			<key>buildRules</key>
			<array/>
			<key>dependencies</key>
			<array>
				<string>3C8613871CB567B40000585B</string>
			</array>
			<key>isa</key>
			<string>PBXNativeTarget</string>
			<key>name</key>
			<string>NetcodeTests</string>
			<key>productName</key>
			<string>NetcodeTests</string>
			<key>productReference</key>
			<string>3C8613851CB567B40000585B</string>
			<key>productType</key>
			<string>com.apple.product-type.bundle.unit-test</string>
		</dict>
		<key>3C8613851CB567B40000585B</key>
		<dict>
			<key>explicitFileType</key>
			<string>wrapper.cfbundle</string>
			<key>includeInIndex</key>
			<string>0</string>
			<key>isa</key>
			<string>PBXFileReference</string>
			<key>path</key>
			<string>NetcodeTests.xctest</string>
			<key>sourceTree</key>
			<string>BUILT_PRODUCTS_DIR</string>
		</dict>
		<key>3C8613861CB567B40000585B</key>
		<dict>
			<key>containerPortal</key>
			<string>3C8613691CB567B40000585B</string>
			<key>isa</key>
			<string>PBXContainerItemProxy</string>
			<key>proxyType</key>
			<string>1</string>
			<key>remoteGlobalIDString</key>
			<string>3C8613701CB567B40000585B</string>
			<key>remoteInfo</key>
			<string>Netcode</string>
		</dict>
		<key>3C8613871CB567B40000585B</key>
		<dict>
			<key>isa</key>
			<string>PBXTargetDependency</string>
			<key>target</key>
			<string>3C8613701CB567B40000585B</string>
			<key>targetProxy</key>
			<string>3C8613861CB567B40000585B</string>
		</dict>
		<key>3C8613881CB567B40000585B</key>
		<dict>
			<key>children</key>
			<array>
				<string>3C86138B1CB567B40000585B</string>
				<string>3C8613891CB567B40000585B</string>
			</array>
			<key>isa</key>
			<string>PBXGroup</string>
			<key>path</key>
			<string>NetcodeTests</string>
			<key>sourceTree</key>
			<string>&lt;group&gt;</string>
		</dict>
		<key>3C8613891CB567B40000585B</key>
		<dict>
			<key>isa</key>
			<string>PBXFileReference</string>
			<key>lastKnownFileType</key>
			<string>sourcecode.swift</string>
			<key>path</key>
			<string>NetcodeTests.swift</string>
			<key>sourceTree</key>
			<string>&lt;group&gt;</string>
		</dict>
		<key>3C86138A1CB567B40000585B</key>
		<dict>
			<key>fileRef</key>
			<string>3C8613891CB567B40000585B</string>
			<key>isa</key>
			<string>PBXBuildFile</string>
		</dict>
		<key>3C86138B1CB567B40000585B</key>
		<dict>
			<key>isa</key>
			<string>PBXFileReference</string>
			<key>lastKnownFileType</key>
			<string>text.plist.xml</string>
			<key>path</key>
			<string>Info.plist</string>
			<key>sourceTree</key>
			<string>&lt;group&gt;</string>
		</dict>
		<key>3C86138C1CB567B40000585B</key>
		<dict>
			<key>buildSettings</key>
			<dict>
				<key>ALWAYS_SEARCH_USER_PATHS</key>
				<string>NO</string>
				<key>CLANG_ANALYZER_NONNULL</key>
				<string>YES</string>
				<key>CLANG_CXX_LANGUAGE_STANDARD</key>
				<string>gnu++0x</string>
				<key>CLANG_CXX_LIBRARY</key>
				<string>libc++</string>
				<key>CLANG_ENABLE_MODULES</key>
				<string>YES</string>
				<key>CLANG_ENABLE_OBJC_ARC</key>
				<string>YES</string>
				<key>CLANG_WARN_BOOL_CONVERSION</key>
				<string>YES</string>
				<key>CLANG_WARN_CONSTANT_CONVERSION</key>
				<string>YES</string>
				<key>CLANG_WARN_DIRECT_OBJC_ISA_USAGE</key>
				<string>YES_ERROR</string>
				<key>CLANG_WARN_EMPTY_BODY</key>
				<string>YES</string>
				<key>CLANG_WARN_ENUM_CONVERSION</key>
				<string>YES</string>
				<key>CLANG_WARN_INT_CONVERSION</key>
				<string>YES</string>
				<key>CLANG_WARN_OBJC_ROOT_CLASS</key>
				<string>YES_ERROR</string>
				<key>CLANG_WARN_UNREACHABLE_CODE</key>
				<string>YES</string>
				<key>CLANG_WARN__DUPLICATE_METHOD_MATCH</key>
				<string>YES</string>
				<key>CODE_SIGN_IDENTITY[sdk=iphoneos*]</key>
				<string>iPhone Developer</string>
				<key>COPY_PHASE_STRIP</key>
				<string>NO</string>
				<key>DEBUG_INFORMATION_FORMAT</key>
				<string>dwarf</string>
				<key>ENABLE_STRICT_OBJC_MSGSEND</key>
				<string>YES</string>
				<key>ENABLE_TESTABILITY</key>
				<string>YES</string>
				<key>GCC_C_LANGUAGE_STANDARD</key>
				<string>gnu99</string>
				<key>GCC_DYNAMIC_NO_PIC</key>
				<string>NO</string>
				<key>GCC_NO_COMMON_BLOCKS</key>
				<string>YES</string>
				<key>GCC_OPTIMIZATION_LEVEL</key>
				<string>0</string>
				<key>GCC_PREPROCESSOR_DEFINITIONS</key>
				<array>
					<string>DEBUG=1</string>
					<string>$(inherited)</string>
				</array>
				<key>GCC_WARN_64_TO_32_BIT_CONVERSION</key>
				<string>YES</string>
				<key>GCC_WARN_ABOUT_RETURN_TYPE</key>
				<string>YES_ERROR</string>
				<key>GCC_WARN_UNDECLARED_SELECTOR</key>
				<string>YES</string>
				<key>GCC_WARN_UNINITIALIZED_AUTOS</key>
				<string>YES_AGGRESSIVE</string>
				<key>GCC_WARN_UNUSED_FUNCTION</key>
				<string>YES</string>
				<key>GCC_WARN_UNUSED_VARIABLE</key>
				<string>YES</string>
				<key>IPHONEOS_DEPLOYMENT_TARGET</key>
				<string>9.3</string>
				<key>MTL_ENABLE_DEBUG_INFO</key>
				<string>YES</string>
				<key>ONLY_ACTIVE_ARCH</key>
				<string>YES</string>
				<key>SDKROOT</key>
				<string>iphoneos</string>
				<key>SWIFT_OPTIMIZATION_LEVEL</key>
				<string>-Onone</string>
			</dict>
			<key>isa</key>
			<string>XCBuildConfiguration</string>
			<key>name</key>
			<string>Debug</string>
		</dict>
		<key>3C86138D1CB567B40000585B</key>
		<dict>
			<key>buildSettings</key>
			<dict>
				<key>ALWAYS_SEARCH_USER_PATHS</key>
				<string>NO</string>
				<key>CLANG_ANALYZER_NONNULL</key>
				<string>YES</string>
				<key>CLANG_CXX_LANGUAGE_STANDARD</key>
				<string>gnu++0x</string>
				<key>CLANG_CXX_LIBRARY</key>
				<string>libc++</string>
				<key>CLANG_ENABLE_MODULES</key>
				<string>YES</string>
				<key>CLANG_ENABLE_OBJC_ARC</key>
				<string>YES</string>
				<key>CLANG_WARN_BOOL_CONVERSION</key>
				<string>YES</string>
				<key>CLANG_WARN_CONSTANT_CONVERSION</key>
				<string>YES</string>
				<key>CLANG_WARN_DIRECT_OBJC_ISA_USAGE</key>
				<string>YES_ERROR</string>
				<key>CLANG_WARN_EMPTY_BODY</key>
				<string>YES</string>
				<key>CLANG_WARN_ENUM_CONVERSION</key>
				<string>YES</string>
				<key>CLANG_WARN_INT_CONVERSION</key>
				<string>YES</string>
				<key>CLANG_WARN_OBJC_ROOT_CLASS</key>
				<string>YES_ERROR</string>
				<key>CLANG_WARN_UNREACHABLE_CODE</key>
				<string>YES</string>
				<key>CLANG_WARN__DUPLICATE_METHOD_MATCH</key>
				<string>YES</string>
				<key>CODE_SIGN_IDENTITY[sdk=iphoneos*]</key>
				<string>iPhone Developer</string>
				<key>COPY_PHASE_STRIP</key>
				<string>NO</string>
				<key>DEBUG_INFORMATION_FORMAT</key>
				<string>dwarf-with-dsym</string>
				<key>ENABLE_NS_ASSERTIONS</key>
				<string>NO</string>
				<key>ENABLE_STRICT_OBJC_MSGSEND</key>
				<string>YES</string>
				<key>GCC_C_LANGUAGE_STANDARD</key>
				<string>gnu99</string>
				<key>GCC_NO_COMMON_BLOCKS</key>
				<string>YES</string>
				<key>GCC_WARN_64_TO_32_BIT_CONVERSION</key>
				<string>YES</string>
				<key>GCC_WARN_ABOUT_RETURN_TYPE</key>
				<string>YES_ERROR</string>
				<key>GCC_WARN_UNDECLARED_SELECTOR</key>
				<string>YES</string>
				<key>GCC_WARN_UNINITIALIZED_AUTOS</key>
				<string>YES_AGGRESSIVE</string>
				<key>GCC_WARN_UNUSED_FUNCTION</key>
				<string>YES</string>
				<key>GCC_WARN_UNUSED_VARIABLE</key>
				<string>YES</string>
				<key>IPHONEOS_DEPLOYMENT_TARGET</key>
				<string>9.3</string>
				<key>MTL_ENABLE_DEBUG_INFO</key>
				<string>NO</string>
				<key>SDKROOT</key>
				<string>iphoneos</string>
				<key>VALIDATE_PRODUCT</key>
				<string>YES</string>
			</dict>
			<key>isa</key>
			<string>XCBuildConfiguration</string>
			<key>name</key>
			<string>Release</string>
		</dict>
		<key>3C86138E1CB567B40000585B</key>
		<dict>
			<key>buildConfigurations</key>
			<array>
				<string>3C86138F1CB567B40000585B</string>
				<string>3C8613901CB567B40000585B</string>
			</array>
			<key>defaultConfigurationIsVisible</key>
			<string>0</string>
			<key>defaultConfigurationName</key>
			<string>Release</string>
			<key>isa</key>
			<string>XCConfigurationList</string>
		</dict>
		<key>3C86138F1CB567B40000585B</key>
		<dict>
			<key>buildSettings</key>
			<dict>
				<key>ASSETCATALOG_COMPILER_APPICON_NAME</key>
				<string>AppIcon</string>
				<key>FRAMEWORK_SEARCH_PATHS</key>
				<array>
					<string>$(inherited)</string>
					<string>$(PROJECT_DIR)/Carthage/Build/iOS</string>
				</array>
				<key>INFOPLIST_FILE</key>
				<string>Netcode/Supporting Files/Info.plist</string>
				<key>LD_RUNPATH_SEARCH_PATHS</key>
				<string>$(inherited) @executable_path/Frameworks</string>
				<key>PRODUCT_BUNDLE_IDENTIFIER</key>
				<string>com.raizlabs.Netcode</string>
				<key>PRODUCT_NAME</key>
				<string>$(TARGET_NAME)</string>
			</dict>
			<key>isa</key>
			<string>XCBuildConfiguration</string>
			<key>name</key>
			<string>Debug</string>
		</dict>
		<key>3C8613901CB567B40000585B</key>
		<dict>
			<key>buildSettings</key>
			<dict>
				<key>ASSETCATALOG_COMPILER_APPICON_NAME</key>
				<string>AppIcon</string>
				<key>FRAMEWORK_SEARCH_PATHS</key>
				<array>
					<string>$(inherited)</string>
					<string>$(PROJECT_DIR)/Carthage/Build/iOS</string>
				</array>
				<key>INFOPLIST_FILE</key>
				<string>Netcode/Supporting Files/Info.plist</string>
				<key>LD_RUNPATH_SEARCH_PATHS</key>
				<string>$(inherited) @executable_path/Frameworks</string>
				<key>PRODUCT_BUNDLE_IDENTIFIER</key>
				<string>com.raizlabs.Netcode</string>
				<key>PRODUCT_NAME</key>
				<string>$(TARGET_NAME)</string>
			</dict>
			<key>isa</key>
			<string>XCBuildConfiguration</string>
			<key>name</key>
			<string>Release</string>
		</dict>
		<key>3C8613911CB567B40000585B</key>
		<dict>
			<key>buildConfigurations</key>
			<array>
				<string>3C8613921CB567B40000585B</string>
				<string>3C8613931CB567B40000585B</string>
			</array>
			<key>defaultConfigurationIsVisible</key>
			<string>0</string>
			<key>defaultConfigurationName</key>
			<string>Release</string>
			<key>isa</key>
			<string>XCConfigurationList</string>
		</dict>
		<key>3C8613921CB567B40000585B</key>
		<dict>
			<key>buildSettings</key>
			<dict>
				<key>BUNDLE_LOADER</key>
				<string>$(TEST_HOST)</string>
				<key>INFOPLIST_FILE</key>
				<string>NetcodeTests/Info.plist</string>
				<key>LD_RUNPATH_SEARCH_PATHS</key>
				<string>$(inherited) @executable_path/Frameworks @loader_path/Frameworks</string>
				<key>PRODUCT_BUNDLE_IDENTIFIER</key>
				<string>com.raizlabs.NetcodeTests</string>
				<key>PRODUCT_NAME</key>
				<string>$(TARGET_NAME)</string>
				<key>TEST_HOST</key>
				<string>$(BUILT_PRODUCTS_DIR)/Netcode.app/Netcode</string>
			</dict>
			<key>isa</key>
			<string>XCBuildConfiguration</string>
			<key>name</key>
			<string>Debug</string>
		</dict>
		<key>3C8613931CB567B40000585B</key>
		<dict>
			<key>buildSettings</key>
			<dict>
				<key>BUNDLE_LOADER</key>
				<string>$(TEST_HOST)</string>
				<key>INFOPLIST_FILE</key>
				<string>NetcodeTests/Info.plist</string>
				<key>LD_RUNPATH_SEARCH_PATHS</key>
				<string>$(inherited) @executable_path/Frameworks @loader_path/Frameworks</string>
				<key>PRODUCT_BUNDLE_IDENTIFIER</key>
				<string>com.raizlabs.NetcodeTests</string>
				<key>PRODUCT_NAME</key>
				<string>$(TARGET_NAME)</string>
				<key>TEST_HOST</key>
				<string>$(BUILT_PRODUCTS_DIR)/Netcode.app/Netcode</string>
			</dict>
			<key>isa</key>
			<string>XCBuildConfiguration</string>
			<key>name</key>
			<string>Release</string>
		</dict>
		<key>3C8613941CB5680F0000585B</key>
		<dict>
			<key>fileEncoding</key>
			<string>4</string>
			<key>isa</key>
			<string>PBXFileReference</string>
			<key>lastKnownFileType</key>
			<string>sourcecode.swift</string>
			<key>path</key>
			<string>NetworkController.swift</string>
			<key>sourceTree</key>
			<string>&lt;group&gt;</string>
		</dict>
		<key>3C8613951CB5680F0000585B</key>
		<dict>
			<key>fileRef</key>
			<string>3C8613941CB5680F0000585B</string>
			<key>isa</key>
			<string>PBXBuildFile</string>
		</dict>
		<key>3C8613961CB5843D0000585B</key>
		<dict>
			<key>isa</key>
			<string>PBXFileReference</string>
			<key>lastKnownFileType</key>
			<string>wrapper.framework</string>
			<key>name</key>
			<string>Alamofire.framework</string>
			<key>path</key>
			<string>Carthage/Build/iOS/Alamofire.framework</string>
			<key>sourceTree</key>
			<string>&lt;group&gt;</string>
		</dict>
		<key>3C8613971CB5843D0000585B</key>
		<dict>
			<key>fileRef</key>
			<string>3C8613961CB5843D0000585B</string>
			<key>isa</key>
			<string>PBXBuildFile</string>
		</dict>
		<key>3C8613981CB5843D0000585B</key>
		<dict>
			<key>fileRef</key>
			<string>3C8613961CB5843D0000585B</string>
			<key>isa</key>
			<string>PBXBuildFile</string>
			<key>settings</key>
			<dict>
				<key>ATTRIBUTES</key>
				<array>
					<string>CodeSignOnCopy</string>
					<string>RemoveHeadersOnCopy</string>
				</array>
			</dict>
		</dict>
		<key>3C8613991CB5843E0000585B</key>
		<dict>
			<key>buildActionMask</key>
			<string>2147483647</string>
			<key>dstPath</key>
			<string></string>
			<key>dstSubfolderSpec</key>
			<string>10</string>
			<key>files</key>
			<array>
				<string>3C8613981CB5843D0000585B</string>
			</array>
			<key>isa</key>
			<string>PBXCopyFilesBuildPhase</string>
			<key>name</key>
			<string>Embed Frameworks</string>
			<key>runOnlyForDeploymentPostprocessing</key>
			<string>0</string>
		</dict>
		<key>3C86139A1CB5844F0000585B</key>
		<dict>
			<key>children</key>
			<array>
				<string>3C8613961CB5843D0000585B</string>
			</array>
			<key>isa</key>
			<string>PBXGroup</string>
			<key>name</key>
			<string>Frameworks</string>
			<key>sourceTree</key>
			<string>&lt;group&gt;</string>
		</dict>
		<key>3C86139D1CB5F3790000585B</key>
		<dict>
			<key>children</key>
			<array>
				<string>3C86139E1CB5F3790000585B</string>
			</array>
			<key>currentVersion</key>
			<string>3C86139E1CB5F3790000585B</string>
			<key>isa</key>
			<string>XCVersionGroup</string>
			<key>path</key>
			<string>Model.xcdatamodeld</string>
			<key>sourceTree</key>
			<string>&lt;group&gt;</string>
			<key>versionGroupType</key>
			<string>wrapper.xcdatamodel</string>
		</dict>
		<key>3C86139E1CB5F3790000585B</key>
		<dict>
			<key>isa</key>
			<string>PBXFileReference</string>
			<key>lastKnownFileType</key>
			<string>wrapper.xcdatamodel</string>
			<key>path</key>
			<string>Model.xcdatamodel</string>
			<key>sourceTree</key>
			<string>&lt;group&gt;</string>
		</dict>
		<key>3C86139F1CB5F3790000585B</key>
		<dict>
			<key>fileRef</key>
			<string>3C86139D1CB5F3790000585B</string>
			<key>isa</key>
			<string>PBXBuildFile</string>
		</dict>
		<key>3C8613A11CB5F4640000585B</key>
		<dict>
			<key>fileEncoding</key>
			<string>4</string>
			<key>isa</key>
			<string>PBXFileReference</string>
			<key>lastKnownFileType</key>
			<string>sourcecode.swift</string>
			<key>path</key>
			<string>Shot.swift</string>
			<key>sourceTree</key>
			<string>&lt;group&gt;</string>
		</dict>
		<key>3C8613A31CB5F4640000585B</key>
		<dict>
			<key>fileRef</key>
			<string>3C8613A11CB5F4640000585B</string>
			<key>isa</key>
			<string>PBXBuildFile</string>
		</dict>
		<key>3C997F831CBF3D0B006ECBC7</key>
		<dict>
			<key>fileEncoding</key>
			<string>4</string>
			<key>isa</key>
			<string>PBXFileReference</string>
			<key>lastKnownFileType</key>
			<string>sourcecode.swift</string>
			<key>path</key>
			<string>APIClient.swift</string>
			<key>sourceTree</key>
			<string>&lt;group&gt;</string>
		</dict>
		<key>3C997F841CBF3D0B006ECBC7</key>
		<dict>
			<key>fileRef</key>
			<string>3C997F831CBF3D0B006ECBC7</string>
			<key>isa</key>
			<string>PBXBuildFile</string>
		</dict>
		<key>3C997F851CBFE885006ECBC7</key>
		<dict>
			<key>children</key>
			<array>
				<string>3C997F8C1CBFF9B0006ECBC7</string>
				<string>3C997F8F1CBFFEAC006ECBC7</string>
				<string>3C997F881CBFE8D8006ECBC7</string>
				<string>3C997F861CBFE8B0006ECBC7</string>
				<string>3C8613941CB5680F0000585B</string>
			</array>
			<key>isa</key>
			<string>PBXGroup</string>
			<key>name</key>
			<string>Dribbble API</string>
			<key>path</key>
			<string>Dribbble API</string>
			<key>sourceTree</key>
			<string>&lt;group&gt;</string>
		</dict>
		<key>3C997F861CBFE8B0006ECBC7</key>
		<dict>
			<key>fileEncoding</key>
			<string>4</string>
			<key>isa</key>
			<string>PBXFileReference</string>
			<key>lastKnownFileType</key>
			<string>sourcecode.swift</string>
			<key>path</key>
			<string>APIEndpoint.swift</string>
			<key>sourceTree</key>
			<string>&lt;group&gt;</string>
		</dict>
		<key>3C997F871CBFE8B0006ECBC7</key>
		<dict>
			<key>fileRef</key>
			<string>3C997F861CBFE8B0006ECBC7</string>
			<key>isa</key>
			<string>PBXBuildFile</string>
		</dict>
		<key>3C997F881CBFE8D8006ECBC7</key>
		<dict>
			<key>fileEncoding</key>
			<string>4</string>
			<key>isa</key>
			<string>PBXFileReference</string>
			<key>lastKnownFileType</key>
			<string>sourcecode.swift</string>
			<key>path</key>
			<string>APIConfiguration.swift</string>
			<key>sourceTree</key>
			<string>&lt;group&gt;</string>
		</dict>
		<key>3C997F891CBFE8D8006ECBC7</key>
		<dict>
			<key>fileRef</key>
			<string>3C997F881CBFE8D8006ECBC7</string>
			<key>isa</key>
			<string>PBXBuildFile</string>
		</dict>
		<key>3C997F8A1CBFE92A006ECBC7</key>
		<dict>
			<key>fileEncoding</key>
			<string>4</string>
			<key>isa</key>
			<string>PBXFileReference</string>
			<key>lastKnownFileType</key>
			<string>sourcecode.swift</string>
			<key>path</key>
			<string>APIOperation.swift</string>
			<key>sourceTree</key>
			<string>&lt;group&gt;</string>
		</dict>
		<key>3C997F8B1CBFE92A006ECBC7</key>
		<dict>
			<key>fileRef</key>
			<string>3C997F8A1CBFE92A006ECBC7</string>
			<key>isa</key>
			<string>PBXBuildFile</string>
		</dict>
		<key>3C997F8C1CBFF9B0006ECBC7</key>
		<dict>
			<key>children</key>
			<array>
				<string>3C997F8D1CBFF9C1006ECBC7</string>
				<string>3C997F831CBF3D0B006ECBC7</string>
			</array>
			<key>isa</key>
			<string>PBXGroup</string>
			<key>name</key>
			<string>Client</string>
			<key>path</key>
			<string>Client</string>
			<key>sourceTree</key>
			<string>&lt;group&gt;</string>
		</dict>
		<key>3C997F8D1CBFF9C1006ECBC7</key>
		<dict>
			<key>fileEncoding</key>
			<string>4</string>
			<key>isa</key>
			<string>PBXFileReference</string>
			<key>lastKnownFileType</key>
			<string>sourcecode.swift</string>
			<key>path</key>
			<string>APIClient+Shots.swift</string>
			<key>sourceTree</key>
			<string>&lt;group&gt;</string>
		</dict>
		<key>3C997F8E1CBFF9C1006ECBC7</key>
		<dict>
			<key>fileRef</key>
			<string>3C997F8D1CBFF9C1006ECBC7</string>
			<key>isa</key>
			<string>PBXBuildFile</string>
		</dict>
		<key>3C997F8F1CBFFEAC006ECBC7</key>
		<dict>
			<key>children</key>
			<array>
				<string>3C997F8A1CBFE92A006ECBC7</string>
				<string>3C997F901CBFFED3006ECBC7</string>
			</array>
			<key>isa</key>
			<string>PBXGroup</string>
			<key>name</key>
			<string>Operations</string>
			<key>path</key>
			<string>Operations</string>
			<key>sourceTree</key>
			<string>&lt;group&gt;</string>
		</dict>
		<key>3C997F901CBFFED3006ECBC7</key>
		<dict>
			<key>fileEncoding</key>
			<string>4</string>
			<key>isa</key>
			<string>PBXFileReference</string>
			<key>lastKnownFileType</key>
			<string>sourcecode.swift</string>
			<key>path</key>
			<string>ShotsOperation.swift</string>
			<key>sourceTree</key>
			<string>&lt;group&gt;</string>
		</dict>
		<key>3C997F911CBFFED3006ECBC7</key>
		<dict>
			<key>fileRef</key>
			<string>3C997F901CBFFED3006ECBC7</string>
			<key>isa</key>
			<string>PBXBuildFile</string>
		</dict>
		<key>3C997F921CC03506006ECBC7</key>
		<dict>
			<key>children</key>
			<array>
				<string>3C997FA31CC181BC006ECBC7</string>
				<string>3C86139D1CB5F3790000585B</string>
				<string>3C8613A11CB5F4640000585B</string>
			</array>
			<key>isa</key>
			<string>PBXGroup</string>
			<key>name</key>
			<string>Data Model</string>
			<key>path</key>
			<string>Data Model</string>
			<key>sourceTree</key>
			<string>&lt;group&gt;</string>
		</dict>
		<key>3C997F931CC17F3E006ECBC7</key>
		<dict>
			<key>children</key>
			<array>
				<string>3C8613741CB567B40000585B</string>
			</array>
			<key>isa</key>
			<string>PBXGroup</string>
			<key>name</key>
			<string>Application</string>
			<key>path</key>
			<string>Application</string>
			<key>sourceTree</key>
			<string>&lt;group&gt;</string>
		</dict>
		<key>3C997F941CC17F49006ECBC7</key>
		<dict>
			<key>children</key>
			<array>
				<string>3C86137B1CB567B40000585B</string>
				<string>3C86137D1CB567B40000585B</string>
			</array>
			<key>isa</key>
			<string>PBXGroup</string>
			<key>name</key>
			<string>Resources</string>
			<key>path</key>
			<string>Resources</string>
			<key>sourceTree</key>
			<string>&lt;group&gt;</string>
		</dict>
		<key>3C997F951CC17F64006ECBC7</key>
		<dict>
			<key>children</key>
			<array>
				<string>3C8613801CB567B40000585B</string>
			</array>
			<key>isa</key>
			<string>PBXGroup</string>
			<key>name</key>
			<string>Supporting Files</string>
			<key>path</key>
			<string>Supporting Files</string>
			<key>sourceTree</key>
			<string>&lt;group&gt;</string>
		</dict>
		<key>3C997F961CC17F84006ECBC7</key>
		<dict>
			<key>children</key>
			<array>
				<string>3C8613761CB567B40000585B</string>
			</array>
			<key>isa</key>
			<string>PBXGroup</string>
			<key>name</key>
			<string>Screens</string>
			<key>path</key>
			<string>Screens</string>
			<key>sourceTree</key>
			<string>&lt;group&gt;</string>
		</dict>
		<key>3C997F971CC17F98006ECBC7</key>
		<dict>
			<key>children</key>
			<array>
				<string>3C997F981CC17FBC006ECBC7</string>
			</array>
			<key>isa</key>
			<string>PBXGroup</string>
			<key>name</key>
			<string>Utilities</string>
			<key>path</key>
			<string>Utilities</string>
			<key>sourceTree</key>
			<string>&lt;group&gt;</string>
		</dict>
		<key>3C997F981CC17FBC006ECBC7</key>
		<dict>
			<key>fileEncoding</key>
			<string>4</string>
			<key>isa</key>
			<string>PBXFileReference</string>
			<key>lastKnownFileType</key>
			<string>sourcecode.swift</string>
			<key>path</key>
			<string>DateFormatter.swift</string>
			<key>sourceTree</key>
			<string>&lt;group&gt;</string>
		</dict>
		<key>3C997F991CC17FBC006ECBC7</key>
		<dict>
			<key>fileRef</key>
			<string>3C997F981CC17FBC006ECBC7</string>
			<key>isa</key>
			<string>PBXBuildFile</string>
		</dict>
		<key>3C997F9A1CC17FFD006ECBC7</key>
		<dict>
			<key>children</key>
			<array>
				<string>3C997F9F1CC180F8006ECBC7</string>
				<string>3C997FA11CC18165006ECBC7</string>
				<string>3C997F9D1CC18042006ECBC7</string>
				<string>3C997F9B1CC18013006ECBC7</string>
			</array>
			<key>isa</key>
			<string>PBXGroup</string>
			<key>name</key>
			<string>Extensions</string>
			<key>path</key>
			<string>Extensions</string>
			<key>sourceTree</key>
			<string>&lt;group&gt;</string>
		</dict>
		<key>3C997F9B1CC18013006ECBC7</key>
		<dict>
			<key>fileEncoding</key>
			<string>4</string>
			<key>isa</key>
			<string>PBXFileReference</string>
			<key>lastKnownFileType</key>
			<string>sourcecode.swift</string>
			<key>path</key>
			<string>NSURL+Netcode.swift</string>
			<key>sourceTree</key>
			<string>&lt;group&gt;</string>
		</dict>
		<key>3C997F9C1CC18013006ECBC7</key>
		<dict>
			<key>fileRef</key>
			<string>3C997F9B1CC18013006ECBC7</string>
			<key>isa</key>
			<string>PBXBuildFile</string>
		</dict>
		<key>3C997F9D1CC18042006ECBC7</key>
		<dict>
			<key>fileEncoding</key>
			<string>4</string>
			<key>isa</key>
			<string>PBXFileReference</string>
			<key>lastKnownFileType</key>
			<string>sourcecode.swift</string>
			<key>path</key>
			<string>NSPersistentStoreCoordinator+Netcode.swift</string>
			<key>sourceTree</key>
			<string>&lt;group&gt;</string>
		</dict>
		<key>3C997F9E1CC18042006ECBC7</key>
		<dict>
			<key>fileRef</key>
			<string>3C997F9D1CC18042006ECBC7</string>
			<key>isa</key>
			<string>PBXBuildFile</string>
		</dict>
		<key>3C997F9F1CC180F8006ECBC7</key>
		<dict>
			<key>fileEncoding</key>
			<string>4</string>
			<key>isa</key>
			<string>PBXFileReference</string>
			<key>lastKnownFileType</key>
			<string>sourcecode.swift</string>
			<key>path</key>
			<string>Dictionary+Netcode.swift</string>
			<key>sourceTree</key>
			<string>&lt;group&gt;</string>
		</dict>
		<key>3C997FA01CC180F8006ECBC7</key>
		<dict>
			<key>fileRef</key>
			<string>3C997F9F1CC180F8006ECBC7</string>
			<key>isa</key>
			<string>PBXBuildFile</string>
		</dict>
		<key>3C997FA11CC18165006ECBC7</key>
		<dict>
			<key>fileEncoding</key>
			<string>4</string>
			<key>isa</key>
			<string>PBXFileReference</string>
			<key>lastKnownFileType</key>
			<string>sourcecode.swift</string>
			<key>path</key>
			<string>NSManagedObjectContext+Netcode.swift</string>
			<key>sourceTree</key>
			<string>&lt;group&gt;</string>
		</dict>
		<key>3C997FA21CC18165006ECBC7</key>
		<dict>
			<key>fileRef</key>
			<string>3C997FA11CC18165006ECBC7</string>
			<key>isa</key>
			<string>PBXBuildFile</string>
		</dict>
		<key>3C997FA31CC181BC006ECBC7</key>
		<dict>
			<key>fileEncoding</key>
			<string>4</string>
			<key>isa</key>
			<string>PBXFileReference</string>
			<key>lastKnownFileType</key>
			<string>sourcecode.swift</string>
			<key>path</key>
			<string>ManagedObject.swift</string>
			<key>sourceTree</key>
			<string>&lt;group&gt;</string>
		</dict>
		<key>3C997FA41CC181BC006ECBC7</key>
		<dict>
			<key>fileRef</key>
			<string>3C997FA31CC181BC006ECBC7</string>
			<key>isa</key>
			<string>PBXBuildFile</string>
		</dict>
	</dict>
	<key>rootObject</key>
	<string>3C8613691CB567B40000585B</string>
</dict>
</plist>
