// !$*UTF8*$!
{
	archiveVersion = 1;
	classes = {
	};
	objectVersion = 46;
	objects = {

/* Begin PBXBuildFile section */
		3C8613751CB567B40000585B /* AppDelegate.swift in Sources */ = {isa = PBXBuildFile; fileRef = 3C8613741CB567B40000585B /* AppDelegate.swift */; };
		3C8613771CB567B40000585B /* ViewController.swift in Sources */ = {isa = PBXBuildFile; fileRef = 3C8613761CB567B40000585B /* ViewController.swift */; };
		3C86137C1CB567B40000585B /* Assets.xcassets in Resources */ = {isa = PBXBuildFile; fileRef = 3C86137B1CB567B40000585B /* Assets.xcassets */; };
		3C86137F1CB567B40000585B /* LaunchScreen.storyboard in Resources */ = {isa = PBXBuildFile; fileRef = 3C86137D1CB567B40000585B /* LaunchScreen.storyboard */; };
		3C86138A1CB567B40000585B /* NetcodeTests.swift in Sources */ = {isa = PBXBuildFile; fileRef = 3C8613891CB567B40000585B /* NetcodeTests.swift */; };
		3C8613951CB5680F0000585B /* NetworkController.swift in Sources */ = {isa = PBXBuildFile; fileRef = 3C8613941CB5680F0000585B /* NetworkController.swift */; };
		3C8613971CB5843D0000585B /* Alamofire.framework in Frameworks */ = {isa = PBXBuildFile; fileRef = 3C8613961CB5843D0000585B /* Alamofire.framework */; };
		3C8613981CB5843D0000585B /* Alamofire.framework in Embed Frameworks */ = {isa = PBXBuildFile; fileRef = 3C8613961CB5843D0000585B /* Alamofire.framework */; settings = {ATTRIBUTES = (CodeSignOnCopy, RemoveHeadersOnCopy, ); }; };
		3C86139F1CB5F3790000585B /* Model.xcdatamodeld in Sources */ = {isa = PBXBuildFile; fileRef = 3C86139D1CB5F3790000585B /* Model.xcdatamodeld */; };
		3C8613A31CB5F4640000585B /* Shot.swift in Sources */ = {isa = PBXBuildFile; fileRef = 3C8613A11CB5F4640000585B /* Shot.swift */; };
		3C997F841CBF3D0B006ECBC7 /* APIClient.swift in Sources */ = {isa = PBXBuildFile; fileRef = 3C997F831CBF3D0B006ECBC7 /* APIClient.swift */; };
		3C997F871CBFE8B0006ECBC7 /* APIEndpoint.swift in Sources */ = {isa = PBXBuildFile; fileRef = 3C997F861CBFE8B0006ECBC7 /* APIEndpoint.swift */; };
		3C997F891CBFE8D8006ECBC7 /* APIConfiguration.swift in Sources */ = {isa = PBXBuildFile; fileRef = 3C997F881CBFE8D8006ECBC7 /* APIConfiguration.swift */; };
		3C997F8B1CBFE92A006ECBC7 /* APIOperation.swift in Sources */ = {isa = PBXBuildFile; fileRef = 3C997F8A1CBFE92A006ECBC7 /* APIOperation.swift */; };
		3C997F8E1CBFF9C1006ECBC7 /* APIClient+Shots.swift in Sources */ = {isa = PBXBuildFile; fileRef = 3C997F8D1CBFF9C1006ECBC7 /* APIClient+Shots.swift */; };
		3C997F911CBFFED3006ECBC7 /* ShotsOperation.swift in Sources */ = {isa = PBXBuildFile; fileRef = 3C997F901CBFFED3006ECBC7 /* ShotsOperation.swift */; };
		3C997F991CC17FBC006ECBC7 /* DateFormatter.swift in Sources */ = {isa = PBXBuildFile; fileRef = 3C997F981CC17FBC006ECBC7 /* DateFormatter.swift */; };
		3C997F9C1CC18013006ECBC7 /* NSURL+Netcode.swift in Sources */ = {isa = PBXBuildFile; fileRef = 3C997F9B1CC18013006ECBC7 /* NSURL+Netcode.swift */; };
		3C997F9E1CC18042006ECBC7 /* NSPersistentStoreCoordinator+Netcode.swift in Sources */ = {isa = PBXBuildFile; fileRef = 3C997F9D1CC18042006ECBC7 /* NSPersistentStoreCoordinator+Netcode.swift */; };
		3C997FA01CC180F8006ECBC7 /* Dictionary+Netcode.swift in Sources */ = {isa = PBXBuildFile; fileRef = 3C997F9F1CC180F8006ECBC7 /* Dictionary+Netcode.swift */; };
		3C997FA21CC18165006ECBC7 /* NSManagedObjectContext+Netcode.swift in Sources */ = {isa = PBXBuildFile; fileRef = 3C997FA11CC18165006ECBC7 /* NSManagedObjectContext+Netcode.swift */; };
		3C997FA41CC181BC006ECBC7 /* ManagedObject.swift in Sources */ = {isa = PBXBuildFile; fileRef = 3C997FA31CC181BC006ECBC7 /* ManagedObject.swift */; };
		3C997FA61CC19275006ECBC7 /* BonMot.framework in Frameworks */ = {isa = PBXBuildFile; fileRef = 3C997FA51CC19275006ECBC7 /* BonMot.framework */; };
		3C997FA71CC19275006ECBC7 /* BonMot.framework in Embed Frameworks */ = {isa = PBXBuildFile; fileRef = 3C997FA51CC19275006ECBC7 /* BonMot.framework */; settings = {ATTRIBUTES = (CodeSignOnCopy, RemoveHeadersOnCopy, ); }; };
/* End PBXBuildFile section */

/* Begin PBXContainerItemProxy section */
		3C8613861CB567B40000585B /* PBXContainerItemProxy */ = {
			isa = PBXContainerItemProxy;
			containerPortal = 3C8613691CB567B40000585B /* Project object */;
			proxyType = 1;
			remoteGlobalIDString = 3C8613701CB567B40000585B;
			remoteInfo = Netcode;
		};
/* End PBXContainerItemProxy section */

/* Begin PBXCopyFilesBuildPhase section */
		3C8613991CB5843E0000585B /* Embed Frameworks */ = {
			isa = PBXCopyFilesBuildPhase;
			buildActionMask = 2147483647;
			dstPath = "";
			dstSubfolderSpec = 10;
			files = (
				3C8613981CB5843D0000585B /* Alamofire.framework in Embed Frameworks */,
				3C997FA71CC19275006ECBC7 /* BonMot.framework in Embed Frameworks */,
			);
			name = "Embed Frameworks";
			runOnlyForDeploymentPostprocessing = 0;
		};
/* End PBXCopyFilesBuildPhase section */

/* Begin PBXFileReference section */
		3C8613711CB567B40000585B /* Netcode.app */ = {isa = PBXFileReference; explicitFileType = wrapper.application; includeInIndex = 0; path = Netcode.app; sourceTree = BUILT_PRODUCTS_DIR; };
		3C8613741CB567B40000585B /* AppDelegate.swift */ = {isa = PBXFileReference; lastKnownFileType = sourcecode.swift; path = AppDelegate.swift; sourceTree = "<group>"; };
		3C8613761CB567B40000585B /* ViewController.swift */ = {isa = PBXFileReference; lastKnownFileType = sourcecode.swift; path = ViewController.swift; sourceTree = "<group>"; };
		3C86137B1CB567B40000585B /* Assets.xcassets */ = {isa = PBXFileReference; lastKnownFileType = folder.assetcatalog; path = Assets.xcassets; sourceTree = "<group>"; };
		3C86137E1CB567B40000585B /* Base */ = {isa = PBXFileReference; lastKnownFileType = file.storyboard; name = Base; path = Base.lproj/LaunchScreen.storyboard; sourceTree = "<group>"; };
		3C8613801CB567B40000585B /* Info.plist */ = {isa = PBXFileReference; lastKnownFileType = text.plist.xml; path = Info.plist; sourceTree = "<group>"; };
		3C8613851CB567B40000585B /* NetcodeTests.xctest */ = {isa = PBXFileReference; explicitFileType = wrapper.cfbundle; includeInIndex = 0; path = NetcodeTests.xctest; sourceTree = BUILT_PRODUCTS_DIR; };
		3C8613891CB567B40000585B /* NetcodeTests.swift */ = {isa = PBXFileReference; lastKnownFileType = sourcecode.swift; path = NetcodeTests.swift; sourceTree = "<group>"; };
		3C86138B1CB567B40000585B /* Info.plist */ = {isa = PBXFileReference; lastKnownFileType = text.plist.xml; path = Info.plist; sourceTree = "<group>"; };
		3C8613941CB5680F0000585B /* NetworkController.swift */ = {isa = PBXFileReference; fileEncoding = 4; lastKnownFileType = sourcecode.swift; path = NetworkController.swift; sourceTree = "<group>"; };
		3C8613961CB5843D0000585B /* Alamofire.framework */ = {isa = PBXFileReference; lastKnownFileType = wrapper.framework; name = Alamofire.framework; path = Carthage/Build/iOS/Alamofire.framework; sourceTree = "<group>"; };
		3C86139E1CB5F3790000585B /* Model.xcdatamodel */ = {isa = PBXFileReference; lastKnownFileType = wrapper.xcdatamodel; path = Model.xcdatamodel; sourceTree = "<group>"; };
		3C8613A11CB5F4640000585B /* Shot.swift */ = {isa = PBXFileReference; fileEncoding = 4; lastKnownFileType = sourcecode.swift; path = Shot.swift; sourceTree = "<group>"; };
		3C997F831CBF3D0B006ECBC7 /* APIClient.swift */ = {isa = PBXFileReference; fileEncoding = 4; lastKnownFileType = sourcecode.swift; path = APIClient.swift; sourceTree = "<group>"; };
		3C997F861CBFE8B0006ECBC7 /* APIEndpoint.swift */ = {isa = PBXFileReference; fileEncoding = 4; lastKnownFileType = sourcecode.swift; path = APIEndpoint.swift; sourceTree = "<group>"; };
		3C997F881CBFE8D8006ECBC7 /* APIConfiguration.swift */ = {isa = PBXFileReference; fileEncoding = 4; lastKnownFileType = sourcecode.swift; path = APIConfiguration.swift; sourceTree = "<group>"; };
		3C997F8A1CBFE92A006ECBC7 /* APIOperation.swift */ = {isa = PBXFileReference; fileEncoding = 4; lastKnownFileType = sourcecode.swift; path = APIOperation.swift; sourceTree = "<group>"; };
		3C997F8D1CBFF9C1006ECBC7 /* APIClient+Shots.swift */ = {isa = PBXFileReference; fileEncoding = 4; lastKnownFileType = sourcecode.swift; path = "APIClient+Shots.swift"; sourceTree = "<group>"; };
		3C997F901CBFFED3006ECBC7 /* ShotsOperation.swift */ = {isa = PBXFileReference; fileEncoding = 4; lastKnownFileType = sourcecode.swift; path = ShotsOperation.swift; sourceTree = "<group>"; };
		3C997F981CC17FBC006ECBC7 /* DateFormatter.swift */ = {isa = PBXFileReference; fileEncoding = 4; lastKnownFileType = sourcecode.swift; path = DateFormatter.swift; sourceTree = "<group>"; };
		3C997F9B1CC18013006ECBC7 /* NSURL+Netcode.swift */ = {isa = PBXFileReference; fileEncoding = 4; lastKnownFileType = sourcecode.swift; path = "NSURL+Netcode.swift"; sourceTree = "<group>"; };
		3C997F9D1CC18042006ECBC7 /* NSPersistentStoreCoordinator+Netcode.swift */ = {isa = PBXFileReference; fileEncoding = 4; lastKnownFileType = sourcecode.swift; path = "NSPersistentStoreCoordinator+Netcode.swift"; sourceTree = "<group>"; };
		3C997F9F1CC180F8006ECBC7 /* Dictionary+Netcode.swift */ = {isa = PBXFileReference; fileEncoding = 4; lastKnownFileType = sourcecode.swift; path = "Dictionary+Netcode.swift"; sourceTree = "<group>"; };
		3C997FA11CC18165006ECBC7 /* NSManagedObjectContext+Netcode.swift */ = {isa = PBXFileReference; fileEncoding = 4; lastKnownFileType = sourcecode.swift; path = "NSManagedObjectContext+Netcode.swift"; sourceTree = "<group>"; };
		3C997FA31CC181BC006ECBC7 /* ManagedObject.swift */ = {isa = PBXFileReference; fileEncoding = 4; lastKnownFileType = sourcecode.swift; path = ManagedObject.swift; sourceTree = "<group>"; };
		3C997FA51CC19275006ECBC7 /* BonMot.framework */ = {isa = PBXFileReference; lastKnownFileType = wrapper.framework; name = BonMot.framework; path = Carthage/Build/iOS/BonMot.framework; sourceTree = "<group>"; };
/* End PBXFileReference section */

/* Begin PBXFrameworksBuildPhase section */
		3C86136E1CB567B40000585B /* Frameworks */ = {
			isa = PBXFrameworksBuildPhase;
			buildActionMask = 2147483647;
			files = (
				3C8613971CB5843D0000585B /* Alamofire.framework in Frameworks */,
				3C997FA61CC19275006ECBC7 /* BonMot.framework in Frameworks */,
			);
			runOnlyForDeploymentPostprocessing = 0;
		};
		3C8613821CB567B40000585B /* Frameworks */ = {
			isa = PBXFrameworksBuildPhase;
			buildActionMask = 2147483647;
			files = (
			);
			runOnlyForDeploymentPostprocessing = 0;
		};
/* End PBXFrameworksBuildPhase section */

/* Begin PBXGroup section */
		3C8613681CB567B40000585B = {
			isa = PBXGroup;
			children = (
				3C86139A1CB5844F0000585B /* Frameworks */,
				3C8613731CB567B40000585B /* Netcode */,
				3C8613881CB567B40000585B /* NetcodeTests */,
				3C8613721CB567B40000585B /* Products */,
			);
			sourceTree = "<group>";
		};
		3C8613721CB567B40000585B /* Products */ = {
			isa = PBXGroup;
			children = (
				3C8613711CB567B40000585B /* Netcode.app */,
				3C8613851CB567B40000585B /* NetcodeTests.xctest */,
			);
			name = Products;
			sourceTree = "<group>";
		};
		3C8613731CB567B40000585B /* Netcode */ = {
			isa = PBXGroup;
			children = (
				3C997F931CC17F3E006ECBC7 /* Application */,
				3C997F921CC03506006ECBC7 /* Data Model */,
				3C997F851CBFE885006ECBC7 /* Dribbble API */,
				3C997F9A1CC17FFD006ECBC7 /* Extensions */,
				3C997F941CC17F49006ECBC7 /* Resources */,
				3C997F961CC17F84006ECBC7 /* Screens */,
				3C997F951CC17F64006ECBC7 /* Supporting Files */,
				3C997F971CC17F98006ECBC7 /* Utilities */,
			);
			path = Netcode;
			sourceTree = "<group>";
		};
		3C8613881CB567B40000585B /* NetcodeTests */ = {
			isa = PBXGroup;
			children = (
				3C86138B1CB567B40000585B /* Info.plist */,
				3C8613891CB567B40000585B /* NetcodeTests.swift */,
			);
			path = NetcodeTests;
			sourceTree = "<group>";
		};
		3C86139A1CB5844F0000585B /* Frameworks */ = {
			isa = PBXGroup;
			children = (
				3C8613961CB5843D0000585B /* Alamofire.framework */,
				3C997FA51CC19275006ECBC7 /* BonMot.framework */,
			);
			name = Frameworks;
			sourceTree = "<group>";
		};
		3C997F851CBFE885006ECBC7 /* Dribbble API */ = {
			isa = PBXGroup;
			children = (
				3C997F8C1CBFF9B0006ECBC7 /* Client */,
				3C997F8F1CBFFEAC006ECBC7 /* Operations */,
				3C997F881CBFE8D8006ECBC7 /* APIConfiguration.swift */,
				3C997F861CBFE8B0006ECBC7 /* APIEndpoint.swift */,
				3C8613941CB5680F0000585B /* NetworkController.swift */,
			);
			path = "Dribbble API";
			sourceTree = "<group>";
		};
		3C997F8C1CBFF9B0006ECBC7 /* Client */ = {
			isa = PBXGroup;
			children = (
				3C997F831CBF3D0B006ECBC7 /* APIClient.swift */,
				3C997F8D1CBFF9C1006ECBC7 /* APIClient+Shots.swift */,
			);
			path = Client;
			sourceTree = "<group>";
		};
		3C997F8F1CBFFEAC006ECBC7 /* Operations */ = {
			isa = PBXGroup;
			children = (
				3C997F8A1CBFE92A006ECBC7 /* APIOperation.swift */,
				3C997F901CBFFED3006ECBC7 /* ShotsOperation.swift */,
			);
			path = Operations;
			sourceTree = "<group>";
		};
		3C997F921CC03506006ECBC7 /* Data Model */ = {
			isa = PBXGroup;
			children = (
				3C997FA31CC181BC006ECBC7 /* ManagedObject.swift */,
				3C86139D1CB5F3790000585B /* Model.xcdatamodeld */,
				3C8613A11CB5F4640000585B /* Shot.swift */,
			);
			path = "Data Model";
			sourceTree = "<group>";
		};
		3C997F931CC17F3E006ECBC7 /* Application */ = {
			isa = PBXGroup;
			children = (
				3C8613741CB567B40000585B /* AppDelegate.swift */,
			);
			path = Application;
			sourceTree = "<group>";
		};
		3C997F941CC17F49006ECBC7 /* Resources */ = {
			isa = PBXGroup;
			children = (
				3C86137B1CB567B40000585B /* Assets.xcassets */,
				3C86137D1CB567B40000585B /* LaunchScreen.storyboard */,
			);
			path = Resources;
			sourceTree = "<group>";
		};
		3C997F951CC17F64006ECBC7 /* Supporting Files */ = {
			isa = PBXGroup;
			children = (
				3C8613801CB567B40000585B /* Info.plist */,
			);
			path = "Supporting Files";
			sourceTree = "<group>";
		};
		3C997F961CC17F84006ECBC7 /* Screens */ = {
			isa = PBXGroup;
			children = (
				3C8613761CB567B40000585B /* ViewController.swift */,
			);
			path = Screens;
			sourceTree = "<group>";
		};
		3C997F971CC17F98006ECBC7 /* Utilities */ = {
			isa = PBXGroup;
			children = (
				3C997F981CC17FBC006ECBC7 /* DateFormatter.swift */,
			);
			path = Utilities;
			sourceTree = "<group>";
		};
		3C997F9A1CC17FFD006ECBC7 /* Extensions */ = {
			isa = PBXGroup;
			children = (
				3C997F9F1CC180F8006ECBC7 /* Dictionary+Netcode.swift */,
				3C997FA11CC18165006ECBC7 /* NSManagedObjectContext+Netcode.swift */,
				3C997F9D1CC18042006ECBC7 /* NSPersistentStoreCoordinator+Netcode.swift */,
				3C997F9B1CC18013006ECBC7 /* NSURL+Netcode.swift */,
			);
			path = Extensions;
			sourceTree = "<group>";
		};
/* End PBXGroup section */

/* Begin PBXNativeTarget section */
		3C8613701CB567B40000585B /* Netcode */ = {
			isa = PBXNativeTarget;
			buildConfigurationList = 3C86138E1CB567B40000585B /* Build configuration list for PBXNativeTarget "Netcode" */;
			buildPhases = (
				3C86136D1CB567B40000585B /* Sources */,
				3C86136E1CB567B40000585B /* Frameworks */,
				3C86136F1CB567B40000585B /* Resources */,
				3C8613991CB5843E0000585B /* Embed Frameworks */,
			);
			buildRules = (
			);
			dependencies = (
			);
			name = Netcode;
			productName = Netcode;
			productReference = 3C8613711CB567B40000585B /* Netcode.app */;
			productType = "com.apple.product-type.application";
		};
		3C8613841CB567B40000585B /* NetcodeTests */ = {
			isa = PBXNativeTarget;
			buildConfigurationList = 3C8613911CB567B40000585B /* Build configuration list for PBXNativeTarget "NetcodeTests" */;
			buildPhases = (
				3C8613811CB567B40000585B /* Sources */,
				3C8613821CB567B40000585B /* Frameworks */,
				3C8613831CB567B40000585B /* Resources */,
			);
			buildRules = (
			);
			dependencies = (
				3C8613871CB567B40000585B /* PBXTargetDependency */,
			);
			name = NetcodeTests;
			productName = NetcodeTests;
			productReference = 3C8613851CB567B40000585B /* NetcodeTests.xctest */;
			productType = "com.apple.product-type.bundle.unit-test";
		};
/* End PBXNativeTarget section */

/* Begin PBXProject section */
		3C8613691CB567B40000585B /* Project object */ = {
			isa = PBXProject;
			attributes = {
				LastSwiftUpdateCheck = 0730;
				LastUpgradeCheck = 0730;
				ORGANIZATIONNAME = Raizlabs;
				TargetAttributes = {
					3C8613701CB567B40000585B = {
						CreatedOnToolsVersion = 7.3;
					};
					3C8613841CB567B40000585B = {
						CreatedOnToolsVersion = 7.3;
						TestTargetID = 3C8613701CB567B40000585B;
					};
				};
			};
			buildConfigurationList = 3C86136C1CB567B40000585B /* Build configuration list for PBXProject "Netcode" */;
			compatibilityVersion = "Xcode 3.2";
			developmentRegion = English;
			hasScannedForEncodings = 0;
			knownRegions = (
				en,
				Base,
			);
			mainGroup = 3C8613681CB567B40000585B;
			productRefGroup = 3C8613721CB567B40000585B /* Products */;
			projectDirPath = "";
			projectRoot = "";
			targets = (
				3C8613701CB567B40000585B /* Netcode */,
				3C8613841CB567B40000585B /* NetcodeTests */,
			);
		};
/* End PBXProject section */

/* Begin PBXResourcesBuildPhase section */
		3C86136F1CB567B40000585B /* Resources */ = {
			isa = PBXResourcesBuildPhase;
			buildActionMask = 2147483647;
			files = (
				3C86137F1CB567B40000585B /* LaunchScreen.storyboard in Resources */,
				3C86137C1CB567B40000585B /* Assets.xcassets in Resources */,
			);
			runOnlyForDeploymentPostprocessing = 0;
		};
		3C8613831CB567B40000585B /* Resources */ = {
			isa = PBXResourcesBuildPhase;
			buildActionMask = 2147483647;
			files = (
			);
			runOnlyForDeploymentPostprocessing = 0;
		};
/* End PBXResourcesBuildPhase section */

/* Begin PBXSourcesBuildPhase section */
		3C86136D1CB567B40000585B /* Sources */ = {
			isa = PBXSourcesBuildPhase;
			buildActionMask = 2147483647;
			files = (
				3C997F991CC17FBC006ECBC7 /* DateFormatter.swift in Sources */,
				3C8613771CB567B40000585B /* ViewController.swift in Sources */,
				3C86139F1CB5F3790000585B /* Model.xcdatamodeld in Sources */,
				3C8613751CB567B40000585B /* AppDelegate.swift in Sources */,
				3C997F891CBFE8D8006ECBC7 /* APIConfiguration.swift in Sources */,
				3C8613951CB5680F0000585B /* NetworkController.swift in Sources */,
				3C997FA21CC18165006ECBC7 /* NSManagedObjectContext+Netcode.swift in Sources */,
				3C997FA01CC180F8006ECBC7 /* Dictionary+Netcode.swift in Sources */,
				3C997F8E1CBFF9C1006ECBC7 /* APIClient+Shots.swift in Sources */,
				3C997F841CBF3D0B006ECBC7 /* APIClient.swift in Sources */,
				3C997FA41CC181BC006ECBC7 /* ManagedObject.swift in Sources */,
				3C997F8B1CBFE92A006ECBC7 /* APIOperation.swift in Sources */,
				3C997F9E1CC18042006ECBC7 /* NSPersistentStoreCoordinator+Netcode.swift in Sources */,
				3C997F9C1CC18013006ECBC7 /* NSURL+Netcode.swift in Sources */,
				3C8613A31CB5F4640000585B /* Shot.swift in Sources */,
				3C997F871CBFE8B0006ECBC7 /* APIEndpoint.swift in Sources */,
				3C997F911CBFFED3006ECBC7 /* ShotsOperation.swift in Sources */,
			);
			runOnlyForDeploymentPostprocessing = 0;
		};
		3C8613811CB567B40000585B /* Sources */ = {
			isa = PBXSourcesBuildPhase;
			buildActionMask = 2147483647;
			files = (
				3C86138A1CB567B40000585B /* NetcodeTests.swift in Sources */,
			);
			runOnlyForDeploymentPostprocessing = 0;
		};
/* End PBXSourcesBuildPhase section */

/* Begin PBXTargetDependency section */
		3C8613871CB567B40000585B /* PBXTargetDependency */ = {
			isa = PBXTargetDependency;
			target = 3C8613701CB567B40000585B /* Netcode */;
			targetProxy = 3C8613861CB567B40000585B /* PBXContainerItemProxy */;
		};
/* End PBXTargetDependency section */

/* Begin PBXVariantGroup section */
		3C86137D1CB567B40000585B /* LaunchScreen.storyboard */ = {
			isa = PBXVariantGroup;
			children = (
				3C86137E1CB567B40000585B /* Base */,
			);
			name = LaunchScreen.storyboard;
			path = .;
			sourceTree = "<group>";
		};
/* End PBXVariantGroup section */

/* Begin XCBuildConfiguration section */
		3C86138C1CB567B40000585B /* Debug */ = {
			isa = XCBuildConfiguration;
			buildSettings = {
				ALWAYS_SEARCH_USER_PATHS = NO;
				CLANG_ANALYZER_NONNULL = YES;
				CLANG_CXX_LANGUAGE_STANDARD = "gnu++0x";
				CLANG_CXX_LIBRARY = "libc++";
				CLANG_ENABLE_MODULES = YES;
				CLANG_ENABLE_OBJC_ARC = YES;
				CLANG_WARN_BOOL_CONVERSION = YES;
				CLANG_WARN_CONSTANT_CONVERSION = YES;
				CLANG_WARN_DIRECT_OBJC_ISA_USAGE = YES_ERROR;
				CLANG_WARN_EMPTY_BODY = YES;
				CLANG_WARN_ENUM_CONVERSION = YES;
				CLANG_WARN_INT_CONVERSION = YES;
				CLANG_WARN_OBJC_ROOT_CLASS = YES_ERROR;
				CLANG_WARN_UNREACHABLE_CODE = YES;
				CLANG_WARN__DUPLICATE_METHOD_MATCH = YES;
				"CODE_SIGN_IDENTITY[sdk=iphoneos*]" = "iPhone Developer";
				COPY_PHASE_STRIP = NO;
				DEBUG_INFORMATION_FORMAT = dwarf;
				ENABLE_STRICT_OBJC_MSGSEND = YES;
				ENABLE_TESTABILITY = YES;
				GCC_C_LANGUAGE_STANDARD = gnu99;
				GCC_DYNAMIC_NO_PIC = NO;
				GCC_NO_COMMON_BLOCKS = YES;
				GCC_OPTIMIZATION_LEVEL = 0;
				GCC_PREPROCESSOR_DEFINITIONS = (
					"DEBUG=1",
					"$(inherited)",
				);
				GCC_WARN_64_TO_32_BIT_CONVERSION = YES;
				GCC_WARN_ABOUT_RETURN_TYPE = YES_ERROR;
				GCC_WARN_UNDECLARED_SELECTOR = YES;
				GCC_WARN_UNINITIALIZED_AUTOS = YES_AGGRESSIVE;
				GCC_WARN_UNUSED_FUNCTION = YES;
				GCC_WARN_UNUSED_VARIABLE = YES;
				IPHONEOS_DEPLOYMENT_TARGET = 9.3;
				MTL_ENABLE_DEBUG_INFO = YES;
				ONLY_ACTIVE_ARCH = YES;
				SDKROOT = iphoneos;
				SWIFT_OPTIMIZATION_LEVEL = "-Onone";
			};
			name = Debug;
		};
		3C86138D1CB567B40000585B /* Release */ = {
			isa = XCBuildConfiguration;
			buildSettings = {
				ALWAYS_SEARCH_USER_PATHS = NO;
				CLANG_ANALYZER_NONNULL = YES;
				CLANG_CXX_LANGUAGE_STANDARD = "gnu++0x";
				CLANG_CXX_LIBRARY = "libc++";
				CLANG_ENABLE_MODULES = YES;
				CLANG_ENABLE_OBJC_ARC = YES;
				CLANG_WARN_BOOL_CONVERSION = YES;
				CLANG_WARN_CONSTANT_CONVERSION = YES;
				CLANG_WARN_DIRECT_OBJC_ISA_USAGE = YES_ERROR;
				CLANG_WARN_EMPTY_BODY = YES;
				CLANG_WARN_ENUM_CONVERSION = YES;
				CLANG_WARN_INT_CONVERSION = YES;
				CLANG_WARN_OBJC_ROOT_CLASS = YES_ERROR;
				CLANG_WARN_UNREACHABLE_CODE = YES;
				CLANG_WARN__DUPLICATE_METHOD_MATCH = YES;
				"CODE_SIGN_IDENTITY[sdk=iphoneos*]" = "iPhone Developer";
				COPY_PHASE_STRIP = NO;
				DEBUG_INFORMATION_FORMAT = "dwarf-with-dsym";
				ENABLE_NS_ASSERTIONS = NO;
				ENABLE_STRICT_OBJC_MSGSEND = YES;
				GCC_C_LANGUAGE_STANDARD = gnu99;
				GCC_NO_COMMON_BLOCKS = YES;
				GCC_WARN_64_TO_32_BIT_CONVERSION = YES;
				GCC_WARN_ABOUT_RETURN_TYPE = YES_ERROR;
				GCC_WARN_UNDECLARED_SELECTOR = YES;
				GCC_WARN_UNINITIALIZED_AUTOS = YES_AGGRESSIVE;
				GCC_WARN_UNUSED_FUNCTION = YES;
				GCC_WARN_UNUSED_VARIABLE = YES;
				IPHONEOS_DEPLOYMENT_TARGET = 9.3;
				MTL_ENABLE_DEBUG_INFO = NO;
				SDKROOT = iphoneos;
				VALIDATE_PRODUCT = YES;
			};
			name = Release;
		};
		3C86138F1CB567B40000585B /* Debug */ = {
			isa = XCBuildConfiguration;
			buildSettings = {
				ASSETCATALOG_COMPILER_APPICON_NAME = AppIcon;
				FRAMEWORK_SEARCH_PATHS = (
					"$(inherited)",
					"$(PROJECT_DIR)/Carthage/Build/iOS",
				);
				INFOPLIST_FILE = "Netcode/Supporting Files/Info.plist";
				LD_RUNPATH_SEARCH_PATHS = "$(inherited) @executable_path/Frameworks";
				PRODUCT_BUNDLE_IDENTIFIER = com.raizlabs.Netcode;
				PRODUCT_NAME = "$(TARGET_NAME)";
			};
			name = Debug;
		};
		3C8613901CB567B40000585B /* Release */ = {
			isa = XCBuildConfiguration;
			buildSettings = {
				ASSETCATALOG_COMPILER_APPICON_NAME = AppIcon;
				FRAMEWORK_SEARCH_PATHS = (
					"$(inherited)",
					"$(PROJECT_DIR)/Carthage/Build/iOS",
				);
				INFOPLIST_FILE = "Netcode/Supporting Files/Info.plist";
				LD_RUNPATH_SEARCH_PATHS = "$(inherited) @executable_path/Frameworks";
				PRODUCT_BUNDLE_IDENTIFIER = com.raizlabs.Netcode;
				PRODUCT_NAME = "$(TARGET_NAME)";
			};
			name = Release;
		};
		3C8613921CB567B40000585B /* Debug */ = {
			isa = XCBuildConfiguration;
			buildSettings = {
				BUNDLE_LOADER = "$(TEST_HOST)";
				INFOPLIST_FILE = NetcodeTests/Info.plist;
				LD_RUNPATH_SEARCH_PATHS = "$(inherited) @executable_path/Frameworks @loader_path/Frameworks";
				PRODUCT_BUNDLE_IDENTIFIER = com.raizlabs.NetcodeTests;
				PRODUCT_NAME = "$(TARGET_NAME)";
				TEST_HOST = "$(BUILT_PRODUCTS_DIR)/Netcode.app/Netcode";
			};
			name = Debug;
		};
		3C8613931CB567B40000585B /* Release */ = {
			isa = XCBuildConfiguration;
			buildSettings = {
				BUNDLE_LOADER = "$(TEST_HOST)";
				INFOPLIST_FILE = NetcodeTests/Info.plist;
				LD_RUNPATH_SEARCH_PATHS = "$(inherited) @executable_path/Frameworks @loader_path/Frameworks";
				PRODUCT_BUNDLE_IDENTIFIER = com.raizlabs.NetcodeTests;
				PRODUCT_NAME = "$(TARGET_NAME)";
				TEST_HOST = "$(BUILT_PRODUCTS_DIR)/Netcode.app/Netcode";
			};
			name = Release;
		};
/* End XCBuildConfiguration section */

/* Begin XCConfigurationList section */
		3C86136C1CB567B40000585B /* Build configuration list for PBXProject "Netcode" */ = {
			isa = XCConfigurationList;
			buildConfigurations = (
				3C86138C1CB567B40000585B /* Debug */,
				3C86138D1CB567B40000585B /* Release */,
			);
			defaultConfigurationIsVisible = 0;
			defaultConfigurationName = Release;
		};
		3C86138E1CB567B40000585B /* Build configuration list for PBXNativeTarget "Netcode" */ = {
			isa = XCConfigurationList;
			buildConfigurations = (
				3C86138F1CB567B40000585B /* Debug */,
				3C8613901CB567B40000585B /* Release */,
			);
			defaultConfigurationIsVisible = 0;
			defaultConfigurationName = Release;
		};
		3C8613911CB567B40000585B /* Build configuration list for PBXNativeTarget "NetcodeTests" */ = {
			isa = XCConfigurationList;
			buildConfigurations = (
				3C8613921CB567B40000585B /* Debug */,
				3C8613931CB567B40000585B /* Release */,
			);
			defaultConfigurationIsVisible = 0;
			defaultConfigurationName = Release;
		};
/* End XCConfigurationList section */

/* Begin XCVersionGroup section */
		3C86139D1CB5F3790000585B /* Model.xcdatamodeld */ = {
			isa = XCVersionGroup;
			children = (
				3C86139E1CB5F3790000585B /* Model.xcdatamodel */,
			);
			currentVersion = 3C86139E1CB5F3790000585B /* Model.xcdatamodel */;
			path = Model.xcdatamodeld;
			sourceTree = "<group>";
			versionGroupType = wrapper.xcdatamodel;
		};
/* End XCVersionGroup section */
	};
	rootObject = 3C8613691CB567B40000585B /* Project object */;
}
